
Microsoft Visual Studio Solution File, Format Version 12.00
# Visual Studio Version 17
VisualStudioVersion = 17.10.35122.118
MinimumVisualStudioVersion = 10.0.40219.1
Project("{FAE04EC0-301F-11D3-BF4B-00C04F79EFBC}") = "Role-Based Authorization", "Role-Based Authorization\Role-Based Authorization.csproj", "{8EE6A11A-7B5C-4B99-8136-41D6F4129104}"
EndProject
Global
	GlobalSection(SolutionConfigurationPlatforms) = preSolution
		Debug|Any CPU = Debug|Any CPU
		Release|Any CPU = Release|Any CPU
	EndGlobalSection
	GlobalSection(ProjectConfigurationPlatforms) = postSolution
		{8EE6A11A-7B5C-4B99-8136-41D6F4129104}.Debug|Any CPU.ActiveCfg = Debug|Any CPU
		{8EE6A11A-7B5C-4B99-8136-41D6F4129104}.Debug|Any CPU.Build.0 = Debug|Any CPU
		{8EE6A11A-7B5C-4B99-8136-41D6F4129104}.Release|Any CPU.ActiveCfg = Release|Any CPU
		{8EE6A11A-7B5C-4B99-8136-41D6F4129104}.Release|Any CPU.Build.0 = Release|Any CPU
	EndGlobalSection
	GlobalSection(SolutionProperties) = preSolution
		HideSolutionNode = FALSE
	EndGlobalSection
	GlobalSection(ExtensibilityGlobals) = postSolution
		SolutionGuid = {689AA166-D0B6-4290-BAF8-99475D257532}
	EndGlobalSection
EndGlobal
